
Microsoft Visual Studio Solution File, Format Version 12.00
# Visual Studio Version 16
VisualStudioVersion = 16.0.31424.327
MinimumVisualStudioVersion = 10.0.40219.1
Project("{FAE04EC0-301F-11D3-BF4B-00C04F79EFBC}") = "AppQuantidade.UWP", "AppQuantidade\AppQuantidade.UWP\AppQuantidade.UWP.csproj", "{09D25230-09F7-40A8-989D-23D81C953F18}"
EndProject
Project("{FAE04EC0-301F-11D3-BF4B-00C04F79EFBC}") = "AppQuantidade.Android", "AppQuantidade\AppQuantidade.Android\AppQuantidade.Android.csproj", "{26278286-786C-4D23-ACA4-4B93F0ABB2B9}"
EndProject
Project("{FAE04EC0-301F-11D3-BF4B-00C04F79EFBC}") = "AppQuantidade.iOS", "AppQuantidade\AppQuantidade.iOS\AppQuantidade.iOS.csproj", "{E9D088F6-FCDB-4F23-83D8-5C2F41157DBA}"
EndProject
Project("{FAE04EC0-301F-11D3-BF4B-00C04F79EFBC}") = "AppQuantidade", "AppQuantidade\AppQuantidade\AppQuantidade.csproj", "{CA03E1AD-6508-478B-AD43-1BA640648431}"
EndProject
Global
	GlobalSection(SolutionConfigurationPlatforms) = preSolution
		Debug|Any CPU = Debug|Any CPU
		Debug|ARM = Debug|ARM
		Debug|iPhone = Debug|iPhone
		Debug|iPhoneSimulator = Debug|iPhoneSimulator
		Debug|x64 = Debug|x64
		Debug|x86 = Debug|x86
		Release|Any CPU = Release|Any CPU
		Release|ARM = Release|ARM
		Release|iPhone = Release|iPhone
		Release|iPhoneSimulator = Release|iPhoneSimulator
		Release|x64 = Release|x64
		Release|x86 = Release|x86
	EndGlobalSection
	GlobalSection(ProjectConfigurationPlatforms) = postSolution
		{09D25230-09F7-40A8-989D-23D81C953F18}.Debug|Any CPU.ActiveCfg = Debug|x86
		{09D25230-09F7-40A8-989D-23D81C953F18}.Debug|Any CPU.Build.0 = Debug|x86
		{09D25230-09F7-40A8-989D-23D81C953F18}.Debug|Any CPU.Deploy.0 = Debug|x86
		{09D25230-09F7-40A8-989D-23D81C953F18}.Debug|ARM.ActiveCfg = Debug|ARM
		{09D25230-09F7-40A8-989D-23D81C953F18}.Debug|ARM.Build.0 = Debug|ARM
		{09D25230-09F7-40A8-989D-23D81C953F18}.Debug|ARM.Deploy.0 = Debug|ARM
		{09D25230-09F7-40A8-989D-23D81C953F18}.Debug|iPhone.ActiveCfg = Debug|x86
		{09D25230-09F7-40A8-989D-23D81C953F18}.Debug|iPhone.Build.0 = Debug|x86
		{09D25230-09F7-40A8-989D-23D81C953F18}.Debug|iPhone.Deploy.0 = Debug|x86
		{09D25230-09F7-40A8-989D-23D81C953F18}.Debug|iPhoneSimulator.ActiveCfg = Debug|x86
		{09D25230-09F7-40A8-989D-23D81C953F18}.Debug|iPhoneSimulator.Build.0 = Debug|x86
		{09D25230-09F7-40A8-989D-23D81C953F18}.Debug|iPhoneSimulator.Deploy.0 = Debug|x86
		{09D25230-09F7-40A8-989D-23D81C953F18}.Debug|x64.ActiveCfg = Debug|x64
		{09D25230-09F7-40A8-989D-23D81C953F18}.Debug|x64.Build.0 = Debug|x64
		{09D25230-09F7-40A8-989D-23D81C953F18}.Debug|x64.Deploy.0 = Debug|x64
		{09D25230-09F7-40A8-989D-23D81C953F18}.Debug|x86.ActiveCfg = Debug|x86
		{09D25230-09F7-40A8-989D-23D81C953F18}.Debug|x86.Build.0 = Debug|x86
		{09D25230-09F7-40A8-989D-23D81C953F18}.Debug|x86.Deploy.0 = Debug|x86
		{09D25230-09F7-40A8-989D-23D81C953F18}.Release|Any CPU.ActiveCfg = Release|x86
		{09D25230-09F7-40A8-989D-23D81C953F18}.Release|Any CPU.Build.0 = Release|x86
		{09D25230-09F7-40A8-989D-23D81C953F18}.Release|Any CPU.Deploy.0 = Release|x86
		{09D25230-09F7-40A8-989D-23D81C953F18}.Release|ARM.ActiveCfg = Release|ARM
		{09D25230-09F7-40A8-989D-23D81C953F18}.Release|ARM.Build.0 = Release|ARM
		{09D25230-09F7-40A8-989D-23D81C953F18}.Release|ARM.Deploy.0 = Release|ARM
		{09D25230-09F7-40A8-989D-23D81C953F18}.Release|iPhone.ActiveCfg = Release|x86
		{09D25230-09F7-40A8-989D-23D81C953F18}.Release|iPhone.Build.0 = Release|x86
		{09D25230-09F7-40A8-989D-23D81C953F18}.Release|iPhone.Deploy.0 = Release|x86
		{09D25230-09F7-40A8-989D-23D81C953F18}.Release|iPhoneSimulator.ActiveCfg = Release|x86
		{09D25230-09F7-40A8-989D-23D81C953F18}.Release|iPhoneSimulator.Build.0 = Release|x86
		{09D25230-09F7-40A8-989D-23D81C953F18}.Release|iPhoneSimulator.Deploy.0 = Release|x86
		{09D25230-09F7-40A8-989D-23D81C953F18}.Release|x64.ActiveCfg = Release|x64
		{09D25230-09F7-40A8-989D-23D81C953F18}.Release|x64.Build.0 = Release|x64
		{09D25230-09F7-40A8-989D-23D81C953F18}.Release|x64.Deploy.0 = Release|x64
		{09D25230-09F7-40A8-989D-23D81C953F18}.Release|x86.ActiveCfg = Release|x86
		{09D25230-09F7-40A8-989D-23D81C953F18}.Release|x86.Build.0 = Release|x86
		{09D25230-09F7-40A8-989D-23D81C953F18}.Release|x86.Deploy.0 = Release|x86
		{26278286-786C-4D23-ACA4-4B93F0ABB2B9}.Debug|Any CPU.ActiveCfg = Debug|Any CPU
		{26278286-786C-4D23-ACA4-4B93F0ABB2B9}.Debug|Any CPU.Build.0 = Debug|Any CPU
		{26278286-786C-4D23-ACA4-4B93F0ABB2B9}.Debug|Any CPU.Deploy.0 = Debug|Any CPU
		{26278286-786C-4D23-ACA4-4B93F0ABB2B9}.Debug|ARM.ActiveCfg = Debug|Any CPU
		{26278286-786C-4D23-ACA4-4B93F0ABB2B9}.Debug|ARM.Build.0 = Debug|Any CPU
		{26278286-786C-4D23-ACA4-4B93F0ABB2B9}.Debug|ARM.Deploy.0 = Debug|Any CPU
		{26278286-786C-4D23-ACA4-4B93F0ABB2B9}.Debug|iPhone.ActiveCfg = Debug|Any CPU
		{26278286-786C-4D23-ACA4-4B93F0ABB2B9}.Debug|iPhone.Build.0 = Debug|Any CPU
		{26278286-786C-4D23-ACA4-4B93F0ABB2B9}.Debug|iPhone.Deploy.0 = Debug|Any CPU
		{26278286-786C-4D23-ACA4-4B93F0ABB2B9}.Debug|iPhoneSimulator.ActiveCfg = Debug|Any CPU
		{26278286-786C-4D23-ACA4-4B93F0ABB2B9}.Debug|iPhoneSimulator.Build.0 = Debug|Any CPU
		{26278286-786C-4D23-ACA4-4B93F0ABB2B9}.Debug|iPhoneSimulator.Deploy.0 = Debug|Any CPU
		{26278286-786C-4D23-ACA4-4B93F0ABB2B9}.Debug|x64.ActiveCfg = Debug|Any CPU
		{26278286-786C-4D23-ACA4-4B93F0ABB2B9}.Debug|x64.Build.0 = Debug|Any CPU
		{26278286-786C-4D23-ACA4-4B93F0ABB2B9}.Debug|x64.Deploy.0 = Debug|Any CPU
		{26278286-786C-4D23-ACA4-4B93F0ABB2B9}.Debug|x86.ActiveCfg = Debug|Any CPU
		{26278286-786C-4D23-ACA4-4B93F0ABB2B9}.Debug|x86.Build.0 = Debug|Any CPU
		{26278286-786C-4D23-ACA4-4B93F0ABB2B9}.Debug|x86.Deploy.0 = Debug|Any CPU
		{26278286-786C-4D23-ACA4-4B93F0ABB2B9}.Release|Any CPU.ActiveCfg = Release|Any CPU
		{26278286-786C-4D23-ACA4-4B93F0ABB2B9}.Release|Any CPU.Build.0 = Release|Any CPU
		{26278286-786C-4D23-ACA4-4B93F0ABB2B9}.Release|Any CPU.Deploy.0 = Release|Any CPU
		{26278286-786C-4D23-ACA4-4B93F0ABB2B9}.Release|ARM.ActiveCfg = Release|Any CPU
		{26278286-786C-4D23-ACA4-4B93F0ABB2B9}.Release|ARM.Build.0 = Release|Any CPU
		{26278286-786C-4D23-ACA4-4B93F0ABB2B9}.Release|ARM.Deploy.0 = Release|Any CPU
		{26278286-786C-4D23-ACA4-4B93F0ABB2B9}.Release|iPhone.ActiveCfg = Release|Any CPU
		{26278286-786C-4D23-ACA4-4B93F0ABB2B9}.Release|iPhone.Build.0 = Release|Any CPU
		{26278286-786C-4D23-ACA4-4B93F0ABB2B9}.Release|iPhone.Deploy.0 = Release|Any CPU
		{26278286-786C-4D23-ACA4-4B93F0ABB2B9}.Release|iPhoneSimulator.ActiveCfg = Release|Any CPU
		{26278286-786C-4D23-ACA4-4B93F0ABB2B9}.Release|iPhoneSimulator.Build.0 = Release|Any CPU
		{26278286-786C-4D23-ACA4-4B93F0ABB2B9}.Release|iPhoneSimulator.Deploy.0 = Release|Any CPU
		{26278286-786C-4D23-ACA4-4B93F0ABB2B9}.Release|x64.ActiveCfg = Release|Any CPU
		{26278286-786C-4D23-ACA4-4B93F0ABB2B9}.Release|x64.Build.0 = Release|Any CPU
		{26278286-786C-4D23-ACA4-4B93F0ABB2B9}.Release|x64.Deploy.0 = Release|Any CPU
		{26278286-786C-4D23-ACA4-4B93F0ABB2B9}.Release|x86.ActiveCfg = Release|Any CPU
		{26278286-786C-4D23-ACA4-4B93F0ABB2B9}.Release|x86.Build.0 = Release|Any CPU
		{26278286-786C-4D23-ACA4-4B93F0ABB2B9}.Release|x86.Deploy.0 = Release|Any CPU
		{E9D088F6-FCDB-4F23-83D8-5C2F41157DBA}.Debug|Any CPU.ActiveCfg = Debug|iPhoneSimulator
		{E9D088F6-FCDB-4F23-83D8-5C2F41157DBA}.Debug|Any CPU.Build.0 = Debug|iPhoneSimulator
		{E9D088F6-FCDB-4F23-83D8-5C2F41157DBA}.Debug|Any CPU.Deploy.0 = Debug|iPhoneSimulator
		{E9D088F6-FCDB-4F23-83D8-5C2F41157DBA}.Debug|ARM.ActiveCfg = Debug|iPhone
		{E9D088F6-FCDB-4F23-83D8-5C2F41157DBA}.Debug|ARM.Build.0 = Debug|iPhone
		{E9D088F6-FCDB-4F23-83D8-5C2F41157DBA}.Debug|ARM.Deploy.0 = Debug|iPhone
		{E9D088F6-FCDB-4F23-83D8-5C2F41157DBA}.Debug|iPhone.ActiveCfg = Debug|iPhone
		{E9D088F6-FCDB-4F23-83D8-5C2F41157DBA}.Debug|iPhone.Build.0 = Debug|iPhone
		{E9D088F6-FCDB-4F23-83D8-5C2F41157DBA}.Debug|iPhone.Deploy.0 = Debug|iPhone
		{E9D088F6-FCDB-4F23-83D8-5C2F41157DBA}.Debug|iPhoneSimulator.ActiveCfg = Debug|iPhoneSimulator
		{E9D088F6-FCDB-4F23-83D8-5C2F41157DBA}.Debug|iPhoneSimulator.Build.0 = Debug|iPhoneSimulator
		{E9D088F6-FCDB-4F23-83D8-5C2F41157DBA}.Debug|iPhoneSimulator.Deploy.0 = Debug|iPhoneSimulator
		{E9D088F6-FCDB-4F23-83D8-5C2F41157DBA}.Debug|x64.ActiveCfg = Debug|iPhoneSimulator
		{E9D088F6-FCDB-4F23-83D8-5C2F41157DBA}.Debug|x64.Build.0 = Debug|iPhoneSimulator
		{E9D088F6-FCDB-4F23-83D8-5C2F41157DBA}.Debug|x64.Deploy.0 = Debug|iPhoneSimulator
		{E9D088F6-FCDB-4F23-83D8-5C2F41157DBA}.Debug|x86.ActiveCfg = Debug|iPhoneSimulator
		{E9D088F6-FCDB-4F23-83D8-5C2F41157DBA}.Debug|x86.Build.0 = Debug|iPhoneSimulator
		{E9D088F6-FCDB-4F23-83D8-5C2F41157DBA}.Debug|x86.Deploy.0 = Debug|iPhoneSimulator
		{E9D088F6-FCDB-4F23-83D8-5C2F41157DBA}.Release|Any CPU.ActiveCfg = Release|iPhoneSimulator
		{E9D088F6-FCDB-4F23-83D8-5C2F41157DBA}.Release|Any CPU.Build.0 = Release|iPhoneSimulator
		{E9D088F6-FCDB-4F23-83D8-5C2F41157DBA}.Release|Any CPU.Deploy.0 = Release|iPhoneSimulator
		{E9D088F6-FCDB-4F23-83D8-5C2F41157DBA}.Release|ARM.ActiveCfg = Release|iPhoneSimulator
		{E9D088F6-FCDB-4F23-83D8-5C2F41157DBA}.Release|ARM.Build.0 = Release|iPhoneSimulator
		{E9D088F6-FCDB-4F23-83D8-5C2F41157DBA}.Release|ARM.Deploy.0 = Release|iPhoneSimulator
		{E9D088F6-FCDB-4F23-83D8-5C2F41157DBA}.Release|iPhone.ActiveCfg = Release|iPhone
		{E9D088F6-FCDB-4F23-83D8-5C2F41157DBA}.Release|iPhone.Build.0 = Release|iPhone
		{E9D088F6-FCDB-4F23-83D8-5C2F41157DBA}.Release|iPhone.Deploy.0 = Release|iPhone
		{E9D088F6-FCDB-4F23-83D8-5C2F41157DBA}.Release|iPhoneSimulator.ActiveCfg = Release|iPhoneSimulator
		{E9D088F6-FCDB-4F23-83D8-5C2F41157DBA}.Release|iPhoneSimulator.Build.0 = Release|iPhoneSimulator
		{E9D088F6-FCDB-4F23-83D8-5C2F41157DBA}.Release|iPhoneSimulator.Deploy.0 = Release|iPhoneSimulator
		{E9D088F6-FCDB-4F23-83D8-5C2F41157DBA}.Release|x64.ActiveCfg = Release|iPhoneSimulator
		{E9D088F6-FCDB-4F23-83D8-5C2F41157DBA}.Release|x64.Build.0 = Release|iPhoneSimulator
		{E9D088F6-FCDB-4F23-83D8-5C2F41157DBA}.Release|x64.Deploy.0 = Release|iPhoneSimulator
		{E9D088F6-FCDB-4F23-83D8-5C2F41157DBA}.Release|x86.ActiveCfg = Release|iPhoneSimulator
		{E9D088F6-FCDB-4F23-83D8-5C2F41157DBA}.Release|x86.Build.0 = Release|iPhoneSimulator
		{E9D088F6-FCDB-4F23-83D8-5C2F41157DBA}.Release|x86.Deploy.0 = Release|iPhoneSimulator
		{CA03E1AD-6508-478B-AD43-1BA640648431}.Debug|Any CPU.ActiveCfg = Debug|Any CPU
		{CA03E1AD-6508-478B-AD43-1BA640648431}.Debug|Any CPU.Build.0 = Debug|Any CPU
		{CA03E1AD-6508-478B-AD43-1BA640648431}.Debug|Any CPU.Deploy.0 = Debug|Any CPU
		{CA03E1AD-6508-478B-AD43-1BA640648431}.Debug|ARM.ActiveCfg = Debug|Any CPU
		{CA03E1AD-6508-478B-AD43-1BA640648431}.Debug|ARM.Build.0 = Debug|Any CPU
		{CA03E1AD-6508-478B-AD43-1BA640648431}.Debug|ARM.Deploy.0 = Debug|Any CPU
		{CA03E1AD-6508-478B-AD43-1BA640648431}.Debug|iPhone.ActiveCfg = Debug|Any CPU
		{CA03E1AD-6508-478B-AD43-1BA640648431}.Debug|iPhone.Build.0 = Debug|Any CPU
		{CA03E1AD-6508-478B-AD43-1BA640648431}.Debug|iPhone.Deploy.0 = Debug|Any CPU
		{CA03E1AD-6508-478B-AD43-1BA640648431}.Debug|iPhoneSimulator.ActiveCfg = Debug|Any CPU
		{CA03E1AD-6508-478B-AD43-1BA640648431}.Debug|iPhoneSimulator.Build.0 = Debug|Any CPU
		{CA03E1AD-6508-478B-AD43-1BA640648431}.Debug|iPhoneSimulator.Deploy.0 = Debug|Any CPU
		{CA03E1AD-6508-478B-AD43-1BA640648431}.Debug|x64.ActiveCfg = Debug|Any CPU
		{CA03E1AD-6508-478B-AD43-1BA640648431}.Debug|x64.Build.0 = Debug|Any CPU
		{CA03E1AD-6508-478B-AD43-1BA640648431}.Debug|x64.Deploy.0 = Debug|Any CPU
		{CA03E1AD-6508-478B-AD43-1BA640648431}.Debug|x86.ActiveCfg = Debug|Any CPU
		{CA03E1AD-6508-478B-AD43-1BA640648431}.Debug|x86.Build.0 = Debug|Any CPU
		{CA03E1AD-6508-478B-AD43-1BA640648431}.Debug|x86.Deploy.0 = Debug|Any CPU
		{CA03E1AD-6508-478B-AD43-1BA640648431}.Release|Any CPU.ActiveCfg = Release|Any CPU
		{CA03E1AD-6508-478B-AD43-1BA640648431}.Release|Any CPU.Build.0 = Release|Any CPU
		{CA03E1AD-6508-478B-AD43-1BA640648431}.Release|Any CPU.Deploy.0 = Release|Any CPU
		{CA03E1AD-6508-478B-AD43-1BA640648431}.Release|ARM.ActiveCfg = Release|Any CPU
		{CA03E1AD-6508-478B-AD43-1BA640648431}.Release|ARM.Build.0 = Release|Any CPU
		{CA03E1AD-6508-478B-AD43-1BA640648431}.Release|ARM.Deploy.0 = Release|Any CPU
		{CA03E1AD-6508-478B-AD43-1BA640648431}.Release|iPhone.ActiveCfg = Release|Any CPU
		{CA03E1AD-6508-478B-AD43-1BA640648431}.Release|iPhone.Build.0 = Release|Any CPU
		{CA03E1AD-6508-478B-AD43-1BA640648431}.Release|iPhone.Deploy.0 = Release|Any CPU
		{CA03E1AD-6508-478B-AD43-1BA640648431}.Release|iPhoneSimulator.ActiveCfg = Release|Any CPU
		{CA03E1AD-6508-478B-AD43-1BA640648431}.Release|iPhoneSimulator.Build.0 = Release|Any CPU
		{CA03E1AD-6508-478B-AD43-1BA640648431}.Release|iPhoneSimulator.Deploy.0 = Release|Any CPU
		{CA03E1AD-6508-478B-AD43-1BA640648431}.Release|x64.ActiveCfg = Release|Any CPU
		{CA03E1AD-6508-478B-AD43-1BA640648431}.Release|x64.Build.0 = Release|Any CPU
		{CA03E1AD-6508-478B-AD43-1BA640648431}.Release|x64.Deploy.0 = Release|Any CPU
		{CA03E1AD-6508-478B-AD43-1BA640648431}.Release|x86.ActiveCfg = Release|Any CPU
		{CA03E1AD-6508-478B-AD43-1BA640648431}.Release|x86.Build.0 = Release|Any CPU
		{CA03E1AD-6508-478B-AD43-1BA640648431}.Release|x86.Deploy.0 = Release|Any CPU
	EndGlobalSection
	GlobalSection(SolutionProperties) = preSolution
		HideSolutionNode = FALSE
	EndGlobalSection
	GlobalSection(ExtensibilityGlobals) = postSolution
		SolutionGuid = {388E9B6A-7BCD-4510-99E7-72D3C9D082AE}
	EndGlobalSection
EndGlobal
